
Microsoft Visual Studio Solution File, Format Version 12.00
# Visual Studio Version 17
VisualStudioVersion = 17.0.32014.148
MinimumVisualStudioVersion = 10.0.40219.1
Project("{9A19103F-16F7-4668-BE54-9A1E7A4F7556}") = "SalesWebMvc", "SalesWebMvc\SalesWebMvc.csproj", "{780C65C1-CCEB-44A6-A3C8-C3C94190AC0B}"
EndProject
Global
	GlobalSection(SolutionConfigurationPlatforms) = preSolution
		Debug|Any CPU = Debug|Any CPU
		Release|Any CPU = Release|Any CPU
	EndGlobalSection
	GlobalSection(ProjectConfigurationPlatforms) = postSolution
		{780C65C1-CCEB-44A6-A3C8-C3C94190AC0B}.Debug|Any CPU.ActiveCfg = Debug|Any CPU
		{780C65C1-CCEB-44A6-A3C8-C3C94190AC0B}.Debug|Any CPU.Build.0 = Debug|Any CPU
		{780C65C1-CCEB-44A6-A3C8-C3C94190AC0B}.Release|Any CPU.ActiveCfg = Release|Any CPU
		{780C65C1-CCEB-44A6-A3C8-C3C94190AC0B}.Release|Any CPU.Build.0 = Release|Any CPU
	EndGlobalSection
	GlobalSection(SolutionProperties) = preSolution
		HideSolutionNode = FALSE
	EndGlobalSection
	GlobalSection(ExtensibilityGlobals) = postSolution
		SolutionGuid = {57024E9D-18BA-4283-B453-037E5FBD3381}
	EndGlobalSection
EndGlobal
